
Microsoft Visual Studio Solution File, Format Version 12.00
# Visual Studio Version 17
VisualStudioVersion = 17.14.36518.9
MinimumVisualStudioVersion = 10.0.40219.1
Project("{FAE04EC0-301F-11D3-BF4B-00C04F79EFBC}") = "BusTicketReservation.WebApi", "BusTicketReservation.WebApi\BusTicketReservation.WebApi.csproj", "{19B238A8-5172-4C46-9CBB-B66F9FC340FD}"
EndProject
Project("{FAE04EC0-301F-11D3-BF4B-00C04F79EFBC}") = "BusTicketReservation.Domain", "BusTicketReservation.Domain\BusTicketReservation.Domain.csproj", "{4378398A-16B5-4C31-B096-5B55DC971746}"
EndProject
Project("{FAE04EC0-301F-11D3-BF4B-00C04F79EFBC}") = "BusTicketReservation.Application", "BusTicketReservation.Application\BusTicketReservation.Application.csproj", "{3AA37902-033F-4668-B810-1CC5064AC05E}"
EndProject
Project("{FAE04EC0-301F-11D3-BF4B-00C04F79EFBC}") = "BusTicketReservation.Infrastructure", "BusTicketReservation.Infrastructure\BusTicketReservation.Infrastructure.csproj", "{FDD7C357-7F10-4164-93B0-BDDFC08C03F0}"
EndProject
Project("{FAE04EC0-301F-11D3-BF4B-00C04F79EFBC}") = "BusTicketReservation.Tests", "BusTicketReservation.Tests\BusTicketReservation.Tests.csproj", "{D5A5626D-82E0-423A-8C25-7B74B187C25B}"
EndProject
Project("{FAE04EC0-301F-11D3-BF4B-00C04F79EFBC}") = "BusTicketReservation.Application.Contracts", "BusTicketReservation.Application.Contracts\BusTicketReservation.Application.Contracts.csproj", "{AADA1536-3968-421E-8BE1-D5AE12B6BCB1}"
EndProject
Global
	GlobalSection(SolutionConfigurationPlatforms) = preSolution
		Debug|Any CPU = Debug|Any CPU
		Release|Any CPU = Release|Any CPU
	EndGlobalSection
	GlobalSection(ProjectConfigurationPlatforms) = postSolution
		{19B238A8-5172-4C46-9CBB-B66F9FC340FD}.Debug|Any CPU.ActiveCfg = Debug|Any CPU
		{19B238A8-5172-4C46-9CBB-B66F9FC340FD}.Debug|Any CPU.Build.0 = Debug|Any CPU
		{19B238A8-5172-4C46-9CBB-B66F9FC340FD}.Release|Any CPU.ActiveCfg = Release|Any CPU
		{19B238A8-5172-4C46-9CBB-B66F9FC340FD}.Release|Any CPU.Build.0 = Release|Any CPU
		{4378398A-16B5-4C31-B096-5B55DC971746}.Debug|Any CPU.ActiveCfg = Debug|Any CPU
		{4378398A-16B5-4C31-B096-5B55DC971746}.Debug|Any CPU.Build.0 = Debug|Any CPU
		{4378398A-16B5-4C31-B096-5B55DC971746}.Release|Any CPU.ActiveCfg = Release|Any CPU
		{4378398A-16B5-4C31-B096-5B55DC971746}.Release|Any CPU.Build.0 = Release|Any CPU
		{3AA37902-033F-4668-B810-1CC5064AC05E}.Debug|Any CPU.ActiveCfg = Debug|Any CPU
		{3AA37902-033F-4668-B810-1CC5064AC05E}.Debug|Any CPU.Build.0 = Debug|Any CPU
		{3AA37902-033F-4668-B810-1CC5064AC05E}.Release|Any CPU.ActiveCfg = Release|Any CPU
		{3AA37902-033F-4668-B810-1CC5064AC05E}.Release|Any CPU.Build.0 = Release|Any CPU
		{FDD7C357-7F10-4164-93B0-BDDFC08C03F0}.Debug|Any CPU.ActiveCfg = Debug|Any CPU
		{FDD7C357-7F10-4164-93B0-BDDFC08C03F0}.Debug|Any CPU.Build.0 = Debug|Any CPU
		{FDD7C357-7F10-4164-93B0-BDDFC08C03F0}.Release|Any CPU.ActiveCfg = Release|Any CPU
		{FDD7C357-7F10-4164-93B0-BDDFC08C03F0}.Release|Any CPU.Build.0 = Release|Any CPU
		{D5A5626D-82E0-423A-8C25-7B74B187C25B}.Debug|Any CPU.ActiveCfg = Debug|Any CPU
		{D5A5626D-82E0-423A-8C25-7B74B187C25B}.Debug|Any CPU.Build.0 = Debug|Any CPU
		{D5A5626D-82E0-423A-8C25-7B74B187C25B}.Release|Any CPU.ActiveCfg = Release|Any CPU
		{D5A5626D-82E0-423A-8C25-7B74B187C25B}.Release|Any CPU.Build.0 = Release|Any CPU
		{AADA1536-3968-421E-8BE1-D5AE12B6BCB1}.Debug|Any CPU.ActiveCfg = Debug|Any CPU
		{AADA1536-3968-421E-8BE1-D5AE12B6BCB1}.Debug|Any CPU.Build.0 = Debug|Any CPU
		{AADA1536-3968-421E-8BE1-D5AE12B6BCB1}.Release|Any CPU.ActiveCfg = Release|Any CPU
		{AADA1536-3968-421E-8BE1-D5AE12B6BCB1}.Release|Any CPU.Build.0 = Release|Any CPU
	EndGlobalSection
	GlobalSection(SolutionProperties) = preSolution
		HideSolutionNode = FALSE
	EndGlobalSection
	GlobalSection(ExtensibilityGlobals) = postSolution
		SolutionGuid = {5A0AC483-7582-4DF1-AA48-66E8E58FBE2E}
	EndGlobalSection
EndGlobal
